
Microsoft Visual Studio Solution File, Format Version 12.00
# Visual Studio 15
VisualStudioVersion = 15.0.27004.2009
MinimumVisualStudioVersion = 10.0.40219.1
Project("{FAE04EC0-301F-11D3-BF4B-00C04F79EFBC}") = "iLogixxPDFViewerUI", "iLogixxPDFViewerUI\iLogixxPDFViewerUI.csproj", "{7F0D020E-9CF9-4BCF-83F9-022BFFE379D7}"
EndProject
Project("{FAE04EC0-301F-11D3-BF4B-00C04F79EFBC}") = "iLogixxPDFViewerControl", "iLogixxPDFViewerControl\iLogixxPDFViewerControl.csproj", "{EF9E9BDE-DD72-464C-A682-2DD58465B634}"
EndProject
Project("{FAE04EC0-301F-11D3-BF4B-00C04F79EFBC}") = "iLogixxTextAnalyticsControl", "iLogixxTextAnalyticsControl\iLogixxTextAnalyticsControl.csproj", "{56852345-4BA6-4EAF-B029-C6255CC4558B}"
EndProject
Project("{FAE04EC0-301F-11D3-BF4B-00C04F79EFBC}") = "ILogixxMediator", "ILogixxMediator\ILogixxMediator.csproj", "{99B05682-5FF5-42D2-8FA8-20E664768C3B}"
EndProject
Global
	GlobalSection(SolutionConfigurationPlatforms) = preSolution
		Debug|Any CPU = Debug|Any CPU
		Release|Any CPU = Release|Any CPU
	EndGlobalSection
	GlobalSection(ProjectConfigurationPlatforms) = postSolution
		{7F0D020E-9CF9-4BCF-83F9-022BFFE379D7}.Debug|Any CPU.ActiveCfg = Debug|Any CPU
		{7F0D020E-9CF9-4BCF-83F9-022BFFE379D7}.Debug|Any CPU.Build.0 = Debug|Any CPU
		{7F0D020E-9CF9-4BCF-83F9-022BFFE379D7}.Release|Any CPU.ActiveCfg = Release|Any CPU
		{7F0D020E-9CF9-4BCF-83F9-022BFFE379D7}.Release|Any CPU.Build.0 = Release|Any CPU
		{EF9E9BDE-DD72-464C-A682-2DD58465B634}.Debug|Any CPU.ActiveCfg = Debug|Any CPU
		{EF9E9BDE-DD72-464C-A682-2DD58465B634}.Debug|Any CPU.Build.0 = Debug|Any CPU
		{EF9E9BDE-DD72-464C-A682-2DD58465B634}.Release|Any CPU.ActiveCfg = Release|Any CPU
		{EF9E9BDE-DD72-464C-A682-2DD58465B634}.Release|Any CPU.Build.0 = Release|Any CPU
		{56852345-4BA6-4EAF-B029-C6255CC4558B}.Debug|Any CPU.ActiveCfg = Debug|Any CPU
		{56852345-4BA6-4EAF-B029-C6255CC4558B}.Debug|Any CPU.Build.0 = Debug|Any CPU
		{56852345-4BA6-4EAF-B029-C6255CC4558B}.Release|Any CPU.ActiveCfg = Release|Any CPU
		{56852345-4BA6-4EAF-B029-C6255CC4558B}.Release|Any CPU.Build.0 = Release|Any CPU
		{99B05682-5FF5-42D2-8FA8-20E664768C3B}.Debug|Any CPU.ActiveCfg = Debug|Any CPU
		{99B05682-5FF5-42D2-8FA8-20E664768C3B}.Debug|Any CPU.Build.0 = Debug|Any CPU
		{99B05682-5FF5-42D2-8FA8-20E664768C3B}.Release|Any CPU.ActiveCfg = Release|Any CPU
		{99B05682-5FF5-42D2-8FA8-20E664768C3B}.Release|Any CPU.Build.0 = Release|Any CPU
	EndGlobalSection
	GlobalSection(SolutionProperties) = preSolution
		HideSolutionNode = FALSE
	EndGlobalSection
	GlobalSection(ExtensibilityGlobals) = postSolution
		SolutionGuid = {B43EC5E3-3D38-4CEC-857D-EA941E091356}
	EndGlobalSection
EndGlobal
